
Microsoft Visual Studio Solution File, Format Version 12.00
# Visual Studio Version 17
VisualStudioVersion = 17.7.34031.279
MinimumVisualStudioVersion = 10.0.40219.1
Project("{FAE04EC0-301F-11D3-BF4B-00C04F79EFBC}") = "ISearchable", "Lb5\ISearchable.csproj", "{9ACB2388-E7C5-4903-A521-E9ACA15486A7}"
EndProject
Global
	GlobalSection(SolutionConfigurationPlatforms) = preSolution
		Debug|Any CPU = Debug|Any CPU
		Release|Any CPU = Release|Any CPU
	EndGlobalSection
	GlobalSection(ProjectConfigurationPlatforms) = postSolution
		{9ACB2388-E7C5-4903-A521-E9ACA15486A7}.Debug|Any CPU.ActiveCfg = Debug|Any CPU
		{9ACB2388-E7C5-4903-A521-E9ACA15486A7}.Debug|Any CPU.Build.0 = Debug|Any CPU
		{9ACB2388-E7C5-4903-A521-E9ACA15486A7}.Release|Any CPU.ActiveCfg = Release|Any CPU
		{9ACB2388-E7C5-4903-A521-E9ACA15486A7}.Release|Any CPU.Build.0 = Release|Any CPU
	EndGlobalSection
	GlobalSection(SolutionProperties) = preSolution
		HideSolutionNode = FALSE
	EndGlobalSection
	GlobalSection(ExtensibilityGlobals) = postSolution
		SolutionGuid = {04EC9F0B-6B9A-43A2-87F1-DF9A0700E45A}
	EndGlobalSection
EndGlobal
